
Microsoft Visual Studio Solution File, Format Version 12.00
# Visual Studio Version 16
VisualStudioVersion = 16.0.31702.278
MinimumVisualStudioVersion = 10.0.40219.1
Project("{8BC9CEB8-8B4A-11D0-8D11-00A0C91BC942}") = "laba", "laba\laba.vcxproj", "{EAF85CC8-EB37-4FC4-B076-3EB6B1ED5AD2}"
EndProject
Global
	GlobalSection(SolutionConfigurationPlatforms) = preSolution
		Debug|x64 = Debug|x64
		Debug|x86 = Debug|x86
		Release|x64 = Release|x64
		Release|x86 = Release|x86
	EndGlobalSection
	GlobalSection(ProjectConfigurationPlatforms) = postSolution
		{EAF85CC8-EB37-4FC4-B076-3EB6B1ED5AD2}.Debug|x64.ActiveCfg = Debug|x64
		{EAF85CC8-EB37-4FC4-B076-3EB6B1ED5AD2}.Debug|x64.Build.0 = Debug|x64
		{EAF85CC8-EB37-4FC4-B076-3EB6B1ED5AD2}.Debug|x86.ActiveCfg = Debug|Win32
		{EAF85CC8-EB37-4FC4-B076-3EB6B1ED5AD2}.Debug|x86.Build.0 = Debug|Win32
		{EAF85CC8-EB37-4FC4-B076-3EB6B1ED5AD2}.Release|x64.ActiveCfg = Release|x64
		{EAF85CC8-EB37-4FC4-B076-3EB6B1ED5AD2}.Release|x64.Build.0 = Release|x64
		{EAF85CC8-EB37-4FC4-B076-3EB6B1ED5AD2}.Release|x86.ActiveCfg = Release|Win32
		{EAF85CC8-EB37-4FC4-B076-3EB6B1ED5AD2}.Release|x86.Build.0 = Release|Win32
	EndGlobalSection
	GlobalSection(SolutionProperties) = preSolution
		HideSolutionNode = FALSE
	EndGlobalSection
	GlobalSection(ExtensibilityGlobals) = postSolution
		SolutionGuid = {DD72DBE9-2BFD-40DE-9D2C-9580A1A005AC}
	EndGlobalSection
EndGlobal
