
Microsoft Visual Studio Solution File, Format Version 12.00
# Visual Studio Version 16
VisualStudioVersion = 16.0.31702.278
MinimumVisualStudioVersion = 10.0.40219.1
Project("{8BC9CEB8-8B4A-11D0-8D11-00A0C91BC942}") = "laba3", "laba3\laba3.vcxproj", "{131548A9-D873-493F-B98C-B4C54C6F69F0}"
EndProject
Global
	GlobalSection(SolutionConfigurationPlatforms) = preSolution
		Debug|x64 = Debug|x64
		Debug|x86 = Debug|x86
		Release|x64 = Release|x64
		Release|x86 = Release|x86
	EndGlobalSection
	GlobalSection(ProjectConfigurationPlatforms) = postSolution
		{131548A9-D873-493F-B98C-B4C54C6F69F0}.Debug|x64.ActiveCfg = Debug|x64
		{131548A9-D873-493F-B98C-B4C54C6F69F0}.Debug|x64.Build.0 = Debug|x64
		{131548A9-D873-493F-B98C-B4C54C6F69F0}.Debug|x86.ActiveCfg = Debug|Win32
		{131548A9-D873-493F-B98C-B4C54C6F69F0}.Debug|x86.Build.0 = Debug|Win32
		{131548A9-D873-493F-B98C-B4C54C6F69F0}.Release|x64.ActiveCfg = Release|x64
		{131548A9-D873-493F-B98C-B4C54C6F69F0}.Release|x64.Build.0 = Release|x64
		{131548A9-D873-493F-B98C-B4C54C6F69F0}.Release|x86.ActiveCfg = Release|Win32
		{131548A9-D873-493F-B98C-B4C54C6F69F0}.Release|x86.Build.0 = Release|Win32
	EndGlobalSection
	GlobalSection(SolutionProperties) = preSolution
		HideSolutionNode = FALSE
	EndGlobalSection
	GlobalSection(ExtensibilityGlobals) = postSolution
		SolutionGuid = {CEDD3F48-44B0-417E-9505-CBE8D5F7C150}
	EndGlobalSection
EndGlobal
